{
  "name": "coba-game-rdnumber",
  "version": "1.0.0",
  "lockfileVersion": 2,
  "requires": true,
  "packages": {
    "": {
      "name": "coba-game-rdnumber",
      "version": "1.0.0",
      "license": "ISC",
      "dependencies": {
        "coba-game-rdnumber": "^1.0.0",
        "readline-sync": "^1.4.10"
      }
    },
    "node_modules/coba-game-rdnumber": {
      "version": "1.0.0",
      "resolved": "https://registry.npmjs.org/coba-game-rdnumber/-/coba-game-rdnumber-1.0.0.tgz",
      "integrity": "sha512-mQ109ygBeQEt+5fvmajcXB21DUDWcem1IqYCZd46bH4QrayqcuLTjRw/K5z66/dwr755EQYk4xv9jhLC6NaRaw==",
      "dependencies": {
        "coba-game-rdnumber": "^1.0.0",
        "readline-sync": "^1.4.10"
      }
    },
    "node_modules/readline-sync": {
      "version": "1.4.10",
      "resolved": "https://registry.npmjs.org/readline-sync/-/readline-sync-1.4.10.tgz",
      "integrity": "sha512-gNva8/6UAe8QYepIQH/jQ2qn91Qj0B9sYjMBBs3QOB8F2CXcKgLxQaJRP76sWVRQt+QU+8fAkCbCvjjMFu7Ycw==",
      "engines": {
        "node": ">= 0.8.0"
      }
    }
  },
  "dependencies": {
    "coba-game-rdnumber": {
      "version": "1.0.0",
      "resolved": "https://registry.npmjs.org/coba-game-rdnumber/-/coba-game-rdnumber-1.0.0.tgz",
      "integrity": "sha512-mQ109ygBeQEt+5fvmajcXB21DUDWcem1IqYCZd46bH4QrayqcuLTjRw/K5z66/dwr755EQYk4xv9jhLC6NaRaw==",
      "requires": {
        "coba-game-rdnumber": "^1.0.0",
        "readline-sync": "^1.4.10"
      }
    },
    "readline-sync": {
      "version": "1.4.10",
      "resolved": "https://registry.npmjs.org/readline-sync/-/readline-sync-1.4.10.tgz",
      "integrity": "sha512-gNva8/6UAe8QYepIQH/jQ2qn91Qj0B9sYjMBBs3QOB8F2CXcKgLxQaJRP76sWVRQt+QU+8fAkCbCvjjMFu7Ycw=="
    }
  }
}
